
Microsoft Visual Studio Solution File, Format Version 12.00
# Visual Studio 14
VisualStudioVersion = 14.0.22823.1
MinimumVisualStudioVersion = 10.0.40219.1
Project("{FAE04EC0-301F-11D3-BF4B-00C04F79EFBC}") = "TwitchChecker", "TwitchChecker\TwitchChecker.csproj", "{5DEFF605-0550-4F32-8142-DBF427F3DFF0}"
EndProject
Project("{FAE04EC0-301F-11D3-BF4B-00C04F79EFBC}") = "TwitchSharp", "TwitchSharp\TwitchSharp.csproj", "{B5BB4CFC-57A0-43CB-B28C-3AAFE6E9BDCB}"
EndProject
Global
	GlobalSection(SolutionConfigurationPlatforms) = preSolution
		Debug|Any CPU = Debug|Any CPU
		Release|Any CPU = Release|Any CPU
	EndGlobalSection
	GlobalSection(ProjectConfigurationPlatforms) = postSolution
		{5DEFF605-0550-4F32-8142-DBF427F3DFF0}.Debug|Any CPU.ActiveCfg = Debug|Any CPU
		{5DEFF605-0550-4F32-8142-DBF427F3DFF0}.Debug|Any CPU.Build.0 = Debug|Any CPU
		{5DEFF605-0550-4F32-8142-DBF427F3DFF0}.Release|Any CPU.ActiveCfg = Release|Any CPU
		{5DEFF605-0550-4F32-8142-DBF427F3DFF0}.Release|Any CPU.Build.0 = Release|Any CPU
		{B5BB4CFC-57A0-43CB-B28C-3AAFE6E9BDCB}.Debug|Any CPU.ActiveCfg = Debug|Any CPU
		{B5BB4CFC-57A0-43CB-B28C-3AAFE6E9BDCB}.Debug|Any CPU.Build.0 = Debug|Any CPU
		{B5BB4CFC-57A0-43CB-B28C-3AAFE6E9BDCB}.Release|Any CPU.ActiveCfg = Release|Any CPU
		{B5BB4CFC-57A0-43CB-B28C-3AAFE6E9BDCB}.Release|Any CPU.Build.0 = Release|Any CPU
	EndGlobalSection
	GlobalSection(SolutionProperties) = preSolution
		HideSolutionNode = FALSE
	EndGlobalSection
	GlobalSection(ExtensibilityGlobals) = postSolution
		VD_Solution = <?xml version="1.0" encoding="utf-16"?>|§r|§n<DocumentsSolution xmlns:xsi="http://www.w3.org/2001/XMLSchema-instance" xmlns:xsd="http://www.w3.org/2001/XMLSchema">|§r|§n  <m_persistedPinnedDocumentGroupLabels>|§r|§n    <string>Form1</string>|§r|§n    <string>controller</string>|§r|§n    <string>notificationmanager</string>|§r|§n    <string>channelproperties</string>|§r|§n    <string>ModelFactory</string>|§r|§n    <string>streamproviderfactory</string>|§r|§n    <string>NotificationManager</string>|§r|§n    <string>program</string>|§r|§n    <string>status</string>|§r|§n  </m_persistedPinnedDocumentGroupLabels>|§r|§n</DocumentsSolution>
	EndGlobalSection
EndGlobal
